
Microsoft Visual Studio Solution File, Format Version 12.00
# Visual Studio Version 17
VisualStudioVersion = 17.4.33110.190
MinimumVisualStudioVersion = 10.0.40219.1
Project("{9A19103F-16F7-4668-BE54-9A1E7A4F7556}") = "CSharpComposer", "CSharpComposer\CSharpComposer.csproj", "{C77473FF-B9E0-4E2F-9A57-3877C0D836DE}"
EndProject
Project("{9A19103F-16F7-4668-BE54-9A1E7A4F7556}") = "CSharpComposer.Generator", "CSharpComposer.Generator\CSharpComposer.Generator.csproj", "{DEE4DCC2-3F1F-4C7F-94D2-6F3DA134EF9C}"
EndProject
Project("{9A19103F-16F7-4668-BE54-9A1E7A4F7556}") = "SyntaxBuilder", "SyntaxBuilder\SyntaxBuilder.csproj", "{A621CF02-8343-409B-B0A0-8375999FA723}"
EndProject
Global
	GlobalSection(SolutionConfigurationPlatforms) = preSolution
		Debug|Any CPU = Debug|Any CPU
		Release|Any CPU = Release|Any CPU
	EndGlobalSection
	GlobalSection(ProjectConfigurationPlatforms) = postSolution
		{C77473FF-B9E0-4E2F-9A57-3877C0D836DE}.Debug|Any CPU.ActiveCfg = Debug|Any CPU
		{C77473FF-B9E0-4E2F-9A57-3877C0D836DE}.Debug|Any CPU.Build.0 = Debug|Any CPU
		{C77473FF-B9E0-4E2F-9A57-3877C0D836DE}.Release|Any CPU.ActiveCfg = Release|Any CPU
		{C77473FF-B9E0-4E2F-9A57-3877C0D836DE}.Release|Any CPU.Build.0 = Release|Any CPU
		{DEE4DCC2-3F1F-4C7F-94D2-6F3DA134EF9C}.Debug|Any CPU.ActiveCfg = Debug|Any CPU
		{DEE4DCC2-3F1F-4C7F-94D2-6F3DA134EF9C}.Debug|Any CPU.Build.0 = Debug|Any CPU
		{DEE4DCC2-3F1F-4C7F-94D2-6F3DA134EF9C}.Release|Any CPU.ActiveCfg = Release|Any CPU
		{DEE4DCC2-3F1F-4C7F-94D2-6F3DA134EF9C}.Release|Any CPU.Build.0 = Release|Any CPU
		{A621CF02-8343-409B-B0A0-8375999FA723}.Debug|Any CPU.ActiveCfg = Debug|Any CPU
		{A621CF02-8343-409B-B0A0-8375999FA723}.Debug|Any CPU.Build.0 = Debug|Any CPU
		{A621CF02-8343-409B-B0A0-8375999FA723}.Release|Any CPU.ActiveCfg = Release|Any CPU
		{A621CF02-8343-409B-B0A0-8375999FA723}.Release|Any CPU.Build.0 = Release|Any CPU
	EndGlobalSection
	GlobalSection(SolutionProperties) = preSolution
		HideSolutionNode = FALSE
	EndGlobalSection
	GlobalSection(ExtensibilityGlobals) = postSolution
		SolutionGuid = {7D05A6DF-153F-429A-8019-9858DA00E907}
	EndGlobalSection
EndGlobal
